
Microsoft Visual Studio Solution File, Format Version 12.00
# Visual Studio Version 16
VisualStudioVersion = 16.0.31702.278
MinimumVisualStudioVersion = 10.0.40219.1
Project("{8BC9CEB8-8B4A-11D0-8D11-00A0C91BC942}") = "MathClient", "MathClient\MathClient.vcxproj", "{F0382F34-A156-4A5E-977F-0572DFDE1702}"
EndProject
Global
	GlobalSection(SolutionConfigurationPlatforms) = preSolution
		Debug|x64 = Debug|x64
		Debug|x86 = Debug|x86
		Release|x64 = Release|x64
		Release|x86 = Release|x86
	EndGlobalSection
	GlobalSection(ProjectConfigurationPlatforms) = postSolution
		{F0382F34-A156-4A5E-977F-0572DFDE1702}.Debug|x64.ActiveCfg = Debug|x64
		{F0382F34-A156-4A5E-977F-0572DFDE1702}.Debug|x64.Build.0 = Debug|x64
		{F0382F34-A156-4A5E-977F-0572DFDE1702}.Debug|x86.ActiveCfg = Debug|Win32
		{F0382F34-A156-4A5E-977F-0572DFDE1702}.Debug|x86.Build.0 = Debug|Win32
		{F0382F34-A156-4A5E-977F-0572DFDE1702}.Release|x64.ActiveCfg = Release|x64
		{F0382F34-A156-4A5E-977F-0572DFDE1702}.Release|x64.Build.0 = Release|x64
		{F0382F34-A156-4A5E-977F-0572DFDE1702}.Release|x86.ActiveCfg = Release|Win32
		{F0382F34-A156-4A5E-977F-0572DFDE1702}.Release|x86.Build.0 = Release|Win32
	EndGlobalSection
	GlobalSection(SolutionProperties) = preSolution
		HideSolutionNode = FALSE
	EndGlobalSection
	GlobalSection(ExtensibilityGlobals) = postSolution
		SolutionGuid = {9A556914-5809-4A4A-891A-7CE6D0F73B6A}
	EndGlobalSection
EndGlobal
